
Microsoft Visual Studio Solution File, Format Version 12.00
# Visual Studio 2013
VisualStudioVersion = 12.0.21005.1
MinimumVisualStudioVersion = 10.0.40219.1
Project("{FAE04EC0-301F-11D3-BF4B-00C04F79EFBC}") = "TimeTable0.0β", "TimeTable0.0β\TimeTable0.0β.csproj", "{B155D172-C54E-4FC6-8F04-D8FFC5C8A504}"
EndProject
Project("{2150E333-8FDC-42A3-9474-1A3956D46DE8}") = "Solution Items", "Solution Items", "{992919FC-CC22-462A-BF08-195D4E45974F}"
EndProject
Project("{FAE04EC0-301F-11D3-BF4B-00C04F79EFBC}") = "UnitTest", "UnitTest\UnitTest.csproj", "{91100E89-D300-4CBE-9DBF-1E9FB9356807}"
EndProject
Global
	GlobalSection(SolutionConfigurationPlatforms) = preSolution
		Debug|Any CPU = Debug|Any CPU
		Debug|ARM = Debug|ARM
		Debug|x64 = Debug|x64
		Debug|x86 = Debug|x86
		Release|Any CPU = Release|Any CPU
		Release|ARM = Release|ARM
		Release|x64 = Release|x64
		Release|x86 = Release|x86
	EndGlobalSection
	GlobalSection(ProjectConfigurationPlatforms) = postSolution
		{B155D172-C54E-4FC6-8F04-D8FFC5C8A504}.Debug|Any CPU.ActiveCfg = Debug|Any CPU
		{B155D172-C54E-4FC6-8F04-D8FFC5C8A504}.Debug|Any CPU.Build.0 = Debug|Any CPU
		{B155D172-C54E-4FC6-8F04-D8FFC5C8A504}.Debug|Any CPU.Deploy.0 = Debug|Any CPU
		{B155D172-C54E-4FC6-8F04-D8FFC5C8A504}.Debug|ARM.ActiveCfg = Debug|ARM
		{B155D172-C54E-4FC6-8F04-D8FFC5C8A504}.Debug|ARM.Build.0 = Debug|ARM
		{B155D172-C54E-4FC6-8F04-D8FFC5C8A504}.Debug|ARM.Deploy.0 = Debug|ARM
		{B155D172-C54E-4FC6-8F04-D8FFC5C8A504}.Debug|x64.ActiveCfg = Debug|x64
		{B155D172-C54E-4FC6-8F04-D8FFC5C8A504}.Debug|x64.Build.0 = Debug|x64
		{B155D172-C54E-4FC6-8F04-D8FFC5C8A504}.Debug|x64.Deploy.0 = Debug|x64
		{B155D172-C54E-4FC6-8F04-D8FFC5C8A504}.Debug|x86.ActiveCfg = Debug|x86
		{B155D172-C54E-4FC6-8F04-D8FFC5C8A504}.Debug|x86.Build.0 = Debug|x86
		{B155D172-C54E-4FC6-8F04-D8FFC5C8A504}.Debug|x86.Deploy.0 = Debug|x86
		{B155D172-C54E-4FC6-8F04-D8FFC5C8A504}.Release|Any CPU.ActiveCfg = Release|Any CPU
		{B155D172-C54E-4FC6-8F04-D8FFC5C8A504}.Release|Any CPU.Build.0 = Release|Any CPU
		{B155D172-C54E-4FC6-8F04-D8FFC5C8A504}.Release|Any CPU.Deploy.0 = Release|Any CPU
		{B155D172-C54E-4FC6-8F04-D8FFC5C8A504}.Release|ARM.ActiveCfg = Release|ARM
		{B155D172-C54E-4FC6-8F04-D8FFC5C8A504}.Release|ARM.Build.0 = Release|ARM
		{B155D172-C54E-4FC6-8F04-D8FFC5C8A504}.Release|ARM.Deploy.0 = Release|ARM
		{B155D172-C54E-4FC6-8F04-D8FFC5C8A504}.Release|x64.ActiveCfg = Release|x64
		{B155D172-C54E-4FC6-8F04-D8FFC5C8A504}.Release|x64.Build.0 = Release|x64
		{B155D172-C54E-4FC6-8F04-D8FFC5C8A504}.Release|x64.Deploy.0 = Release|x64
		{B155D172-C54E-4FC6-8F04-D8FFC5C8A504}.Release|x86.ActiveCfg = Release|x86
		{B155D172-C54E-4FC6-8F04-D8FFC5C8A504}.Release|x86.Build.0 = Release|x86
		{B155D172-C54E-4FC6-8F04-D8FFC5C8A504}.Release|x86.Deploy.0 = Release|x86
		{91100E89-D300-4CBE-9DBF-1E9FB9356807}.Debug|Any CPU.ActiveCfg = Debug|Any CPU
		{91100E89-D300-4CBE-9DBF-1E9FB9356807}.Debug|Any CPU.Build.0 = Debug|Any CPU
		{91100E89-D300-4CBE-9DBF-1E9FB9356807}.Debug|ARM.ActiveCfg = Debug|Any CPU
		{91100E89-D300-4CBE-9DBF-1E9FB9356807}.Debug|x64.ActiveCfg = Debug|Any CPU
		{91100E89-D300-4CBE-9DBF-1E9FB9356807}.Debug|x86.ActiveCfg = Debug|Any CPU
		{91100E89-D300-4CBE-9DBF-1E9FB9356807}.Release|Any CPU.ActiveCfg = Release|Any CPU
		{91100E89-D300-4CBE-9DBF-1E9FB9356807}.Release|Any CPU.Build.0 = Release|Any CPU
		{91100E89-D300-4CBE-9DBF-1E9FB9356807}.Release|ARM.ActiveCfg = Release|Any CPU
		{91100E89-D300-4CBE-9DBF-1E9FB9356807}.Release|x64.ActiveCfg = Release|Any CPU
		{91100E89-D300-4CBE-9DBF-1E9FB9356807}.Release|x86.ActiveCfg = Release|Any CPU
	EndGlobalSection
	GlobalSection(SolutionProperties) = preSolution
		HideSolutionNode = FALSE
	EndGlobalSection
EndGlobal
